
Microsoft Visual Studio Solution File, Format Version 12.00
# Visual Studio Version 16
VisualStudioVersion = 16.0.32510.428
MinimumVisualStudioVersion = 10.0.40219.1
Project("{D2ABAB84-BF74-430A-B69E-9DC6D40DDA17}") = "KoreanPollution_SSAS", "KoreanPollution_SSAS\KoreanPollution_SSAS.dwproj", "{EC91737D-6FE7-4321-BA1E-F15ACBA02CA9}"
EndProject
Global
	GlobalSection(SolutionConfigurationPlatforms) = preSolution
		Development|Default = Development|Default
	EndGlobalSection
	GlobalSection(ProjectConfigurationPlatforms) = postSolution
		{EC91737D-6FE7-4321-BA1E-F15ACBA02CA9}.Development|Default.ActiveCfg = Development
		{EC91737D-6FE7-4321-BA1E-F15ACBA02CA9}.Development|Default.Build.0 = Development
		{EC91737D-6FE7-4321-BA1E-F15ACBA02CA9}.Development|Default.Deploy.0 = Development
	EndGlobalSection
	GlobalSection(SolutionProperties) = preSolution
		HideSolutionNode = FALSE
	EndGlobalSection
	GlobalSection(ExtensibilityGlobals) = postSolution
		SolutionGuid = {6FB5A99D-4B71-432D-AE39-F259B5D6B57B}
	EndGlobalSection
EndGlobal
